
Microsoft Visual Studio Solution File, Format Version 12.00
# Visual Studio Version 17
VisualStudioVersion = 17.2.32630.192
MinimumVisualStudioVersion = 10.0.40219.1
Project("{9A19103F-16F7-4668-BE54-9A1E7A4F7556}") = "AES-256DotNet", "ConsoleApp1\AES-256DotNet.csproj", "{A569EC56-C046-423D-9985-E7806D9BFA16}"
EndProject
Global
	GlobalSection(SolutionConfigurationPlatforms) = preSolution
		Debug|Any CPU = Debug|Any CPU
		Release|Any CPU = Release|Any CPU
	EndGlobalSection
	GlobalSection(ProjectConfigurationPlatforms) = postSolution
		{A569EC56-C046-423D-9985-E7806D9BFA16}.Debug|Any CPU.ActiveCfg = Debug|Any CPU
		{A569EC56-C046-423D-9985-E7806D9BFA16}.Debug|Any CPU.Build.0 = Debug|Any CPU
		{A569EC56-C046-423D-9985-E7806D9BFA16}.Release|Any CPU.ActiveCfg = Release|Any CPU
		{A569EC56-C046-423D-9985-E7806D9BFA16}.Release|Any CPU.Build.0 = Release|Any CPU
	EndGlobalSection
	GlobalSection(SolutionProperties) = preSolution
		HideSolutionNode = FALSE
	EndGlobalSection
	GlobalSection(ExtensibilityGlobals) = postSolution
		SolutionGuid = {B2B61269-A18E-4639-8E26-13E3AF5D9380}
	EndGlobalSection
EndGlobal
